{
  "originHash" : "b944a17e2d1c7df6967d7925559b3d009d750c2a2da05376b11ef24816ef6a27",
  "pins" : [
    {
      "identity" : "enhancedcodable",
      "kind" : "remoteSourceControl",
      "location" : "https://github.com/Mcrich23/EnhancedCodable",
      "state" : {
        "branch" : "main",
        "revision" : "92df57c10ff8cff621f6965d4db742a8a52e79e7"
      }
    },
    {
      "identity" : "highlightswift",
      "kind" : "remoteSourceControl",
      "location" : "https://github.com/appstefan/HighlightSwift",
      "state" : {
        "revision" : "784ca3ccfc8a2cf724fbb2f06cb6ec3329424da3",
        "version" : "1.1.0"
      }
    },
    {
      "identity" : "kingfisher",
      "kind" : "remoteSourceControl",
      "location" : "https://github.com/onevcat/Kingfisher.git",
      "state" : {
        "revision" : "e6749919f9761d573d37a7d7e78b1b854c191d7f",
        "version" : "8.1.3"
      }
    },
    {
      "identity" : "sfsafesymbols",
      "kind" : "remoteSourceControl",
      "location" : "https://github.com/SFSafeSymbols/SFSafeSymbols",
      "state" : {
        "revision" : "e2e28f4e56e1769c2ec3c61c9355fc64eb7a535a",
        "version" : "5.3.0"
      }
    },
    {
      "identity" : "swift-syntax",
      "kind" : "remoteSourceControl",
      "location" : "https://github.com/swiftlang/swift-syntax.git",
      "state" : {
        "revision" : "64889f0c732f210a935a0ad7cda38f77f876262d",
        "version" : "509.1.1"
      }
    }
  ],
  "version" : 3
}
