{
  "originHash" : "3d3d65b8f4a7fd3527a1327980c50d8f28ce6a74166bd8becedf0a7ce34e47d6",
  "pins" : [
    {
      "identity" : "kingfisher",
      "kind" : "remoteSourceControl",
      "location" : "https://github.com/onevcat/Kingfisher.git",
      "state" : {
        "revision" : "33696a71dd4d71f1b0f781ade11a48ba5549581a",
        "version" : "8.0.3"
      }
    },
    {
      "identity" : "sfsafesymbols",
      "kind" : "remoteSourceControl",
      "location" : "https://github.com/SFSafeSymbols/SFSafeSymbols",
      "state" : {
        "revision" : "e2e28f4e56e1769c2ec3c61c9355fc64eb7a535a",
        "version" : "5.3.0"
      }
    }
  ],
  "version" : 3
}
