// !$*UTF8*$!
{
	archiveVersion = 1;
	classes = {
	};
	objectVersion = 60;
	objects = {

/* Begin PBXBuildFile section */
		22002BBF2D28F65400B0B7AD /* EnhancedCodable in Frameworks */ = {isa = PBXBuildFile; productRef = 22002BBE2D28F65400B0B7AD /* EnhancedCodable */; };
		2209FBB82CC9885300372F9E /* AppleDocumentation Protocol.swift in Sources */ = {isa = PBXBuildFile; fileRef = 2209FBB72CC9885300372F9E /* AppleDocumentation Protocol.swift */; };
		2209FBBB2CC98C0900372F9E /* LegalNoticesView.swift in Sources */ = {isa = PBXBuildFile; fileRef = 2209FBBA2CC98C0900372F9E /* LegalNoticesView.swift */; };
		2229BFF12CCA12E200E7AD3F /* CodeCopyOverlayButton.swift in Sources */ = {isa = PBXBuildFile; fileRef = 2229BFF02CCA12E200E7AD3F /* CodeCopyOverlayButton.swift */; };
		2229DBB12CFEEF35009EB389 /* SettingsView.swift in Sources */ = {isa = PBXBuildFile; fileRef = 2229DBB02CFEEF35009EB389 /* SettingsView.swift */; };
		222AB77B2CBF78B2001196C1 /* ChevronView.swift in Sources */ = {isa = PBXBuildFile; fileRef = 222AB77A2CBF78B2001196C1 /* ChevronView.swift */; };
		225AE0042D2862DF007B993D /* DocC Index Parser.swift in Sources */ = {isa = PBXBuildFile; fileRef = 225AE0032D2862DF007B993D /* DocC Index Parser.swift */; };
		227464302CB4D4E900BE0863 /* Kingfisher in Frameworks */ = {isa = PBXBuildFile; productRef = 2274642F2CB4D4E900BE0863 /* Kingfisher */; };
		2287E3DE2CBF6A8500090C9F /* Article Parser.swift in Sources */ = {isa = PBXBuildFile; fileRef = 2287E3B22CBF6A8500090C9F /* Article Parser.swift */; };
		2287E3DF2CBF6A8500090C9F /* CommonTypes.swift in Sources */ = {isa = PBXBuildFile; fileRef = 2287E3B32CBF6A8500090C9F /* CommonTypes.swift */; };
		2287E3E02CBF6A8500090C9F /* Framework Parser.swift in Sources */ = {isa = PBXBuildFile; fileRef = 2287E3B42CBF6A8500090C9F /* Framework Parser.swift */; };
		2287E3E12CBF6A8500090C9F /* HomepageParser.swift in Sources */ = {isa = PBXBuildFile; fileRef = 2287E3B52CBF6A8500090C9F /* HomepageParser.swift */; };
		2287E3E22CBF6A8500090C9F /* TechnologiesParser.swift in Sources */ = {isa = PBXBuildFile; fileRef = 2287E3B62CBF6A8500090C9F /* TechnologiesParser.swift */; };
		2287E3E32CBF6A8500090C9F /* AbstractView.swift in Sources */ = {isa = PBXBuildFile; fileRef = 2287E3BA2CBF6A8500090C9F /* AbstractView.swift */; };
		2287E3E42CBF6A8500090C9F /* ArticleBadges.swift in Sources */ = {isa = PBXBuildFile; fileRef = 2287E3BB2CBF6A8500090C9F /* ArticleBadges.swift */; };
		2287E3E52CBF6A8500090C9F /* ArticleContentView.swift in Sources */ = {isa = PBXBuildFile; fileRef = 2287E3BC2CBF6A8500090C9F /* ArticleContentView.swift */; };
		2287E3E62CBF6A8500090C9F /* AsideView.swift in Sources */ = {isa = PBXBuildFile; fileRef = 2287E3BD2CBF6A8500090C9F /* AsideView.swift */; };
		2287E3E72CBF6A8500090C9F /* DeclarationContentView.swift in Sources */ = {isa = PBXBuildFile; fileRef = 2287E3BE2CBF6A8500090C9F /* DeclarationContentView.swift */; };
		2287E3E82CBF6A8500090C9F /* DetailsView.swift in Sources */ = {isa = PBXBuildFile; fileRef = 2287E3BF2CBF6A8500090C9F /* DetailsView.swift */; };
		2287E3E92CBF6A8500090C9F /* DownloadButtonView.swift in Sources */ = {isa = PBXBuildFile; fileRef = 2287E3C02CBF6A8500090C9F /* DownloadButtonView.swift */; };
		2287E3EA2CBF6A8500090C9F /* LinksGridListView.swift in Sources */ = {isa = PBXBuildFile; fileRef = 2287E3C12CBF6A8500090C9F /* LinksGridListView.swift */; };
		2287E3EB2CBF6A8500090C9F /* MentionsView.swift in Sources */ = {isa = PBXBuildFile; fileRef = 2287E3C22CBF6A8500090C9F /* MentionsView.swift */; };
		2287E3EC2CBF6A8500090C9F /* MultiLine Picker.swift in Sources */ = {isa = PBXBuildFile; fileRef = 2287E3C32CBF6A8500090C9F /* MultiLine Picker.swift */; };
		2287E3ED2CBF6A8500090C9F /* PlatformCapsule.swift in Sources */ = {isa = PBXBuildFile; fileRef = 2287E3C42CBF6A8500090C9F /* PlatformCapsule.swift */; };
		2287E3EE2CBF6A8500090C9F /* RelationshipsView.swift in Sources */ = {isa = PBXBuildFile; fileRef = 2287E3C52CBF6A8500090C9F /* RelationshipsView.swift */; };
		2287E3EF2CBF6A8500090C9F /* SeeAlsoView.swift in Sources */ = {isa = PBXBuildFile; fileRef = 2287E3C62CBF6A8500090C9F /* SeeAlsoView.swift */; };
		2287E3F02CBF6A8500090C9F /* TopicsView.swift in Sources */ = {isa = PBXBuildFile; fileRef = 2287E3C72CBF6A8500090C9F /* TopicsView.swift */; };
		2287E3F12CBF6A8500090C9F /* WrappingHStack.swift in Sources */ = {isa = PBXBuildFile; fileRef = 2287E3C82CBF6A8500090C9F /* WrappingHStack.swift */; };
		2287E3F22CBF6A8500090C9F /* HomepageHero.swift in Sources */ = {isa = PBXBuildFile; fileRef = 2287E3CA2CBF6A8500090C9F /* HomepageHero.swift */; };
		2287E3F32CBF6A8500090C9F /* HomepageResources.swift in Sources */ = {isa = PBXBuildFile; fileRef = 2287E3CB2CBF6A8500090C9F /* HomepageResources.swift */; };
		2287E3F42CBF6A8500090C9F /* HomepageSection.swift in Sources */ = {isa = PBXBuildFile; fileRef = 2287E3CC2CBF6A8500090C9F /* HomepageSection.swift */; };
		2287E3F52CBF6A8500090C9F /* ArticleView.swift in Sources */ = {isa = PBXBuildFile; fileRef = 2287E3CE2CBF6A8500090C9F /* ArticleView.swift */; };
		2287E3F62CBF6A8500090C9F /* HomepageView.swift in Sources */ = {isa = PBXBuildFile; fileRef = 2287E3CF2CBF6A8500090C9F /* HomepageView.swift */; };
		2287E3F72CBF6A8500090C9F /* LanguagePicker.swift in Sources */ = {isa = PBXBuildFile; fileRef = 2287E3D02CBF6A8500090C9F /* LanguagePicker.swift */; };
		2287E3F82CBF6A8500090C9F /* TechnologyRootView.swift in Sources */ = {isa = PBXBuildFile; fileRef = 2287E3D12CBF6A8500090C9F /* TechnologyRootView.swift */; };
		2287E3F92CBF6A8500090C9F /* Apple_DocumentationApp.swift in Sources */ = {isa = PBXBuildFile; fileRef = 2287E3D52CBF6A8500090C9F /* Apple_DocumentationApp.swift */; };
		2287E3FA2CBF6A8500090C9F /* Constants.swift in Sources */ = {isa = PBXBuildFile; fileRef = 2287E3D72CBF6A8500090C9F /* Constants.swift */; };
		2287E3FB2CBF6A8500090C9F /* ContentView.swift in Sources */ = {isa = PBXBuildFile; fileRef = 2287E3D82CBF6A8500090C9F /* ContentView.swift */; };
		2287E3FC2CBF6A8500090C9F /* DocumentationViewModel.swift in Sources */ = {isa = PBXBuildFile; fileRef = 2287E3D92CBF6A8500090C9F /* DocumentationViewModel.swift */; };
		2287E3FD2CBF6A8500090C9F /* MacOSAgnosticButton.swift in Sources */ = {isa = PBXBuildFile; fileRef = 2287E3DA2CBF6A8500090C9F /* MacOSAgnosticButton.swift */; };
		2287E3FE2CBF6A8500090C9F /* NavigationLinkButton.swift in Sources */ = {isa = PBXBuildFile; fileRef = 2287E3DB2CBF6A8500090C9F /* NavigationLinkButton.swift */; };
		2287E3FF2CBF6A8500090C9F /* NavigationViewModel.swift in Sources */ = {isa = PBXBuildFile; fileRef = 2287E3DC2CBF6A8500090C9F /* NavigationViewModel.swift */; };
		2287E4002CBF6A8500090C9F /* Preview Assets.xcassets in Resources */ = {isa = PBXBuildFile; fileRef = 2287E3B82CBF6A8500090C9F /* Preview Assets.xcassets */; };
		2287E4012CBF6A8500090C9F /* .swiftlint.yml in Resources */ = {isa = PBXBuildFile; fileRef = 2287E3D32CBF6A8500090C9F /* .swiftlint.yml */; };
		2287E4022CBF6A8500090C9F /* Assets.xcassets in Resources */ = {isa = PBXBuildFile; fileRef = 2287E3D62CBF6A8500090C9F /* Assets.xcassets */; };
		22A299F02CBF852A008EE3E5 /* WebEndpointRestBody.swift in Sources */ = {isa = PBXBuildFile; fileRef = 22A299EF2CBF852A008EE3E5 /* WebEndpointRestBody.swift */; };
		22A299F22CBF8A35008EE3E5 /* WebEndpointRestEndPoint.swift in Sources */ = {isa = PBXBuildFile; fileRef = 22A299F12CBF8A35008EE3E5 /* WebEndpointRestEndPoint.swift */; };
		22A299F62CBF8C37008EE3E5 /* WebEndpointRestResponse.swift in Sources */ = {isa = PBXBuildFile; fileRef = 22A299F52CBF8C37008EE3E5 /* WebEndpointRestResponse.swift */; };
		22A299F82CBF9A5F008EE3E5 /* WebEndpointRestPropertiesView.swift in Sources */ = {isa = PBXBuildFile; fileRef = 22A299F72CBF9A5F008EE3E5 /* WebEndpointRestPropertiesView.swift */; };
		22A299FA2CC01902008EE3E5 /* WebEndpointRestAttributesView.swift in Sources */ = {isa = PBXBuildFile; fileRef = 22A299F92CC01902008EE3E5 /* WebEndpointRestAttributesView.swift */; };
		22C450B12CB4D61B00376AA5 /* SFSafeSymbols in Frameworks */ = {isa = PBXBuildFile; productRef = 22C450B02CB4D61B00376AA5 /* SFSafeSymbols */; };
		22E7F4E22CB5048400FD6B2C /* HighlightSwift in Frameworks */ = {isa = PBXBuildFile; productRef = 22E7F4E12CB5048400FD6B2C /* HighlightSwift */; };
/* End PBXBuildFile section */

/* Begin PBXFileReference section */
		2209FBB72CC9885300372F9E /* AppleDocumentation Protocol.swift */ = {isa = PBXFileReference; lastKnownFileType = sourcecode.swift; path = "AppleDocumentation Protocol.swift"; sourceTree = "<group>"; };
		2209FBBA2CC98C0900372F9E /* LegalNoticesView.swift */ = {isa = PBXFileReference; lastKnownFileType = sourcecode.swift; path = LegalNoticesView.swift; sourceTree = "<group>"; };
		2229BFF02CCA12E200E7AD3F /* CodeCopyOverlayButton.swift */ = {isa = PBXFileReference; lastKnownFileType = sourcecode.swift; path = CodeCopyOverlayButton.swift; sourceTree = "<group>"; };
		2229DBB02CFEEF35009EB389 /* SettingsView.swift */ = {isa = PBXFileReference; lastKnownFileType = sourcecode.swift; path = SettingsView.swift; sourceTree = "<group>"; };
		222AB77A2CBF78B2001196C1 /* ChevronView.swift */ = {isa = PBXFileReference; lastKnownFileType = sourcecode.swift; path = ChevronView.swift; sourceTree = "<group>"; };
		225AE0032D2862DF007B993D /* DocC Index Parser.swift */ = {isa = PBXFileReference; lastKnownFileType = sourcecode.swift; path = "DocC Index Parser.swift"; sourceTree = "<group>"; };
		2287E3B22CBF6A8500090C9F /* Article Parser.swift */ = {isa = PBXFileReference; lastKnownFileType = sourcecode.swift; path = "Article Parser.swift"; sourceTree = "<group>"; };
		2287E3B32CBF6A8500090C9F /* CommonTypes.swift */ = {isa = PBXFileReference; lastKnownFileType = sourcecode.swift; path = CommonTypes.swift; sourceTree = "<group>"; };
		2287E3B42CBF6A8500090C9F /* Framework Parser.swift */ = {isa = PBXFileReference; lastKnownFileType = sourcecode.swift; path = "Framework Parser.swift"; sourceTree = "<group>"; };
		2287E3B52CBF6A8500090C9F /* HomepageParser.swift */ = {isa = PBXFileReference; lastKnownFileType = sourcecode.swift; path = HomepageParser.swift; sourceTree = "<group>"; };
		2287E3B62CBF6A8500090C9F /* TechnologiesParser.swift */ = {isa = PBXFileReference; lastKnownFileType = sourcecode.swift; path = TechnologiesParser.swift; sourceTree = "<group>"; };
		2287E3B82CBF6A8500090C9F /* Preview Assets.xcassets */ = {isa = PBXFileReference; lastKnownFileType = folder.assetcatalog; path = "Preview Assets.xcassets"; sourceTree = "<group>"; };
		2287E3BA2CBF6A8500090C9F /* AbstractView.swift */ = {isa = PBXFileReference; lastKnownFileType = sourcecode.swift; path = AbstractView.swift; sourceTree = "<group>"; };
		2287E3BB2CBF6A8500090C9F /* ArticleBadges.swift */ = {isa = PBXFileReference; lastKnownFileType = sourcecode.swift; path = ArticleBadges.swift; sourceTree = "<group>"; };
		2287E3BC2CBF6A8500090C9F /* ArticleContentView.swift */ = {isa = PBXFileReference; lastKnownFileType = sourcecode.swift; path = ArticleContentView.swift; sourceTree = "<group>"; };
		2287E3BD2CBF6A8500090C9F /* AsideView.swift */ = {isa = PBXFileReference; lastKnownFileType = sourcecode.swift; path = AsideView.swift; sourceTree = "<group>"; };
		2287E3BE2CBF6A8500090C9F /* DeclarationContentView.swift */ = {isa = PBXFileReference; lastKnownFileType = sourcecode.swift; path = DeclarationContentView.swift; sourceTree = "<group>"; };
		2287E3BF2CBF6A8500090C9F /* DetailsView.swift */ = {isa = PBXFileReference; lastKnownFileType = sourcecode.swift; path = DetailsView.swift; sourceTree = "<group>"; };
		2287E3C02CBF6A8500090C9F /* DownloadButtonView.swift */ = {isa = PBXFileReference; lastKnownFileType = sourcecode.swift; path = DownloadButtonView.swift; sourceTree = "<group>"; };
		2287E3C12CBF6A8500090C9F /* LinksGridListView.swift */ = {isa = PBXFileReference; lastKnownFileType = sourcecode.swift; path = LinksGridListView.swift; sourceTree = "<group>"; };
		2287E3C22CBF6A8500090C9F /* MentionsView.swift */ = {isa = PBXFileReference; lastKnownFileType = sourcecode.swift; path = MentionsView.swift; sourceTree = "<group>"; };
		2287E3C32CBF6A8500090C9F /* MultiLine Picker.swift */ = {isa = PBXFileReference; lastKnownFileType = sourcecode.swift; path = "MultiLine Picker.swift"; sourceTree = "<group>"; };
		2287E3C42CBF6A8500090C9F /* PlatformCapsule.swift */ = {isa = PBXFileReference; lastKnownFileType = sourcecode.swift; path = PlatformCapsule.swift; sourceTree = "<group>"; };
		2287E3C52CBF6A8500090C9F /* RelationshipsView.swift */ = {isa = PBXFileReference; lastKnownFileType = sourcecode.swift; path = RelationshipsView.swift; sourceTree = "<group>"; };
		2287E3C62CBF6A8500090C9F /* SeeAlsoView.swift */ = {isa = PBXFileReference; lastKnownFileType = sourcecode.swift; path = SeeAlsoView.swift; sourceTree = "<group>"; };
		2287E3C72CBF6A8500090C9F /* TopicsView.swift */ = {isa = PBXFileReference; lastKnownFileType = sourcecode.swift; path = TopicsView.swift; sourceTree = "<group>"; };
		2287E3C82CBF6A8500090C9F /* WrappingHStack.swift */ = {isa = PBXFileReference; lastKnownFileType = sourcecode.swift; path = WrappingHStack.swift; sourceTree = "<group>"; };
		2287E3CA2CBF6A8500090C9F /* HomepageHero.swift */ = {isa = PBXFileReference; lastKnownFileType = sourcecode.swift; path = HomepageHero.swift; sourceTree = "<group>"; };
		2287E3CB2CBF6A8500090C9F /* HomepageResources.swift */ = {isa = PBXFileReference; lastKnownFileType = sourcecode.swift; path = HomepageResources.swift; sourceTree = "<group>"; };
		2287E3CC2CBF6A8500090C9F /* HomepageSection.swift */ = {isa = PBXFileReference; lastKnownFileType = sourcecode.swift; path = HomepageSection.swift; sourceTree = "<group>"; };
		2287E3CE2CBF6A8500090C9F /* ArticleView.swift */ = {isa = PBXFileReference; lastKnownFileType = sourcecode.swift; path = ArticleView.swift; sourceTree = "<group>"; };
		2287E3CF2CBF6A8500090C9F /* HomepageView.swift */ = {isa = PBXFileReference; lastKnownFileType = sourcecode.swift; path = HomepageView.swift; sourceTree = "<group>"; };
		2287E3D02CBF6A8500090C9F /* LanguagePicker.swift */ = {isa = PBXFileReference; lastKnownFileType = sourcecode.swift; path = LanguagePicker.swift; sourceTree = "<group>"; };
		2287E3D12CBF6A8500090C9F /* TechnologyRootView.swift */ = {isa = PBXFileReference; lastKnownFileType = sourcecode.swift; path = TechnologyRootView.swift; sourceTree = "<group>"; };
		2287E3D32CBF6A8500090C9F /* .swiftlint.yml */ = {isa = PBXFileReference; lastKnownFileType = text.yaml; path = .swiftlint.yml; sourceTree = "<group>"; };
		2287E3D42CBF6A8500090C9F /* Apple Documentation.entitlements */ = {isa = PBXFileReference; lastKnownFileType = text.plist.entitlements; path = "Apple Documentation.entitlements"; sourceTree = "<group>"; };
		2287E3D52CBF6A8500090C9F /* Apple_DocumentationApp.swift */ = {isa = PBXFileReference; lastKnownFileType = sourcecode.swift; path = Apple_DocumentationApp.swift; sourceTree = "<group>"; };
		2287E3D62CBF6A8500090C9F /* Assets.xcassets */ = {isa = PBXFileReference; lastKnownFileType = folder.assetcatalog; path = Assets.xcassets; sourceTree = "<group>"; };
		2287E3D72CBF6A8500090C9F /* Constants.swift */ = {isa = PBXFileReference; lastKnownFileType = sourcecode.swift; path = Constants.swift; sourceTree = "<group>"; };
		2287E3D82CBF6A8500090C9F /* ContentView.swift */ = {isa = PBXFileReference; lastKnownFileType = sourcecode.swift; path = ContentView.swift; sourceTree = "<group>"; };
		2287E3D92CBF6A8500090C9F /* DocumentationViewModel.swift */ = {isa = PBXFileReference; lastKnownFileType = sourcecode.swift; path = DocumentationViewModel.swift; sourceTree = "<group>"; };
		2287E3DA2CBF6A8500090C9F /* MacOSAgnosticButton.swift */ = {isa = PBXFileReference; lastKnownFileType = sourcecode.swift; path = MacOSAgnosticButton.swift; sourceTree = "<group>"; };
		2287E3DB2CBF6A8500090C9F /* NavigationLinkButton.swift */ = {isa = PBXFileReference; lastKnownFileType = sourcecode.swift; path = NavigationLinkButton.swift; sourceTree = "<group>"; };
		2287E3DC2CBF6A8500090C9F /* NavigationViewModel.swift */ = {isa = PBXFileReference; lastKnownFileType = sourcecode.swift; path = NavigationViewModel.swift; sourceTree = "<group>"; };
		22A299EF2CBF852A008EE3E5 /* WebEndpointRestBody.swift */ = {isa = PBXFileReference; lastKnownFileType = sourcecode.swift; path = WebEndpointRestBody.swift; sourceTree = "<group>"; };
		22A299F12CBF8A35008EE3E5 /* WebEndpointRestEndPoint.swift */ = {isa = PBXFileReference; lastKnownFileType = sourcecode.swift; path = WebEndpointRestEndPoint.swift; sourceTree = "<group>"; };
		22A299F52CBF8C37008EE3E5 /* WebEndpointRestResponse.swift */ = {isa = PBXFileReference; lastKnownFileType = sourcecode.swift; path = WebEndpointRestResponse.swift; sourceTree = "<group>"; };
		22A299F72CBF9A5F008EE3E5 /* WebEndpointRestPropertiesView.swift */ = {isa = PBXFileReference; lastKnownFileType = sourcecode.swift; path = WebEndpointRestPropertiesView.swift; sourceTree = "<group>"; };
		22A299F92CC01902008EE3E5 /* WebEndpointRestAttributesView.swift */ = {isa = PBXFileReference; lastKnownFileType = sourcecode.swift; path = WebEndpointRestAttributesView.swift; sourceTree = "<group>"; };
		22F8CD662CB23D6C0081BB0A /* Developer Documentation.app */ = {isa = PBXFileReference; explicitFileType = wrapper.application; includeInIndex = 0; path = "Developer Documentation.app"; sourceTree = BUILT_PRODUCTS_DIR; };
/* End PBXFileReference section */

/* Begin PBXFrameworksBuildPhase section */
		22F8CD632CB23D6C0081BB0A /* Frameworks */ = {
			isa = PBXFrameworksBuildPhase;
			buildActionMask = 2147483647;
			files = (
				22E7F4E22CB5048400FD6B2C /* HighlightSwift in Frameworks */,
				22C450B12CB4D61B00376AA5 /* SFSafeSymbols in Frameworks */,
				227464302CB4D4E900BE0863 /* Kingfisher in Frameworks */,
				22002BBF2D28F65400B0B7AD /* EnhancedCodable in Frameworks */,
			);
			runOnlyForDeploymentPostprocessing = 0;
		};
/* End PBXFrameworksBuildPhase section */

/* Begin PBXGroup section */
		2209FBB92CC9885900372F9E /* Protocols */ = {
			isa = PBXGroup;
			children = (
				2209FBB72CC9885300372F9E /* AppleDocumentation Protocol.swift */,
			);
			path = Protocols;
			sourceTree = "<group>";
		};
		2287E3B72CBF6A8500090C9F /* Json Parsers */ = {
			isa = PBXGroup;
			children = (
				2287E3B22CBF6A8500090C9F /* Article Parser.swift */,
				2287E3B32CBF6A8500090C9F /* CommonTypes.swift */,
				2287E3B42CBF6A8500090C9F /* Framework Parser.swift */,
				2287E3B52CBF6A8500090C9F /* HomepageParser.swift */,
				2287E3B62CBF6A8500090C9F /* TechnologiesParser.swift */,
				225AE0032D2862DF007B993D /* DocC Index Parser.swift */,
			);
			path = "Json Parsers";
			sourceTree = "<group>";
		};
		2287E3B92CBF6A8500090C9F /* Preview Content */ = {
			isa = PBXGroup;
			children = (
				2287E3B82CBF6A8500090C9F /* Preview Assets.xcassets */,
			);
			path = "Preview Content";
			sourceTree = "<group>";
		};
		2287E3C92CBF6A8500090C9F /* Article Components */ = {
			isa = PBXGroup;
			children = (
				2287E3BA2CBF6A8500090C9F /* AbstractView.swift */,
				2287E3BB2CBF6A8500090C9F /* ArticleBadges.swift */,
				2287E3BC2CBF6A8500090C9F /* ArticleContentView.swift */,
				2287E3BD2CBF6A8500090C9F /* AsideView.swift */,
				22A299EF2CBF852A008EE3E5 /* WebEndpointRestBody.swift */,
				22A299F12CBF8A35008EE3E5 /* WebEndpointRestEndPoint.swift */,
				22A299F52CBF8C37008EE3E5 /* WebEndpointRestResponse.swift */,
				22A299F72CBF9A5F008EE3E5 /* WebEndpointRestPropertiesView.swift */,
				22A299F92CC01902008EE3E5 /* WebEndpointRestAttributesView.swift */,
				2287E3BE2CBF6A8500090C9F /* DeclarationContentView.swift */,
				2287E3BF2CBF6A8500090C9F /* DetailsView.swift */,
				2287E3C02CBF6A8500090C9F /* DownloadButtonView.swift */,
				2287E3C12CBF6A8500090C9F /* LinksGridListView.swift */,
				2287E3C22CBF6A8500090C9F /* MentionsView.swift */,
				2287E3C32CBF6A8500090C9F /* MultiLine Picker.swift */,
				2287E3C42CBF6A8500090C9F /* PlatformCapsule.swift */,
				2287E3C52CBF6A8500090C9F /* RelationshipsView.swift */,
				2287E3C62CBF6A8500090C9F /* SeeAlsoView.swift */,
				2287E3C72CBF6A8500090C9F /* TopicsView.swift */,
				2287E3C82CBF6A8500090C9F /* WrappingHStack.swift */,
				2229BFF02CCA12E200E7AD3F /* CodeCopyOverlayButton.swift */,
			);
			path = "Article Components";
			sourceTree = "<group>";
		};
		2287E3CD2CBF6A8500090C9F /* Homepage Components */ = {
			isa = PBXGroup;
			children = (
				2287E3CA2CBF6A8500090C9F /* HomepageHero.swift */,
				2287E3CB2CBF6A8500090C9F /* HomepageResources.swift */,
				2287E3CC2CBF6A8500090C9F /* HomepageSection.swift */,
			);
			path = "Homepage Components";
			sourceTree = "<group>";
		};
		2287E3D22CBF6A8500090C9F /* Technology Documentation */ = {
			isa = PBXGroup;
			children = (
				2287E3C92CBF6A8500090C9F /* Article Components */,
				2287E3CD2CBF6A8500090C9F /* Homepage Components */,
				2287E3CE2CBF6A8500090C9F /* ArticleView.swift */,
				2287E3CF2CBF6A8500090C9F /* HomepageView.swift */,
				2287E3D02CBF6A8500090C9F /* LanguagePicker.swift */,
				2287E3D12CBF6A8500090C9F /* TechnologyRootView.swift */,
			);
			path = "Technology Documentation";
			sourceTree = "<group>";
		};
		2287E3DD2CBF6A8500090C9F /* Apple Documentation */ = {
			isa = PBXGroup;
			children = (
				2209FBB92CC9885900372F9E /* Protocols */,
				2287E3B72CBF6A8500090C9F /* Json Parsers */,
				2287E3B92CBF6A8500090C9F /* Preview Content */,
				2287E3D22CBF6A8500090C9F /* Technology Documentation */,
				2287E3D32CBF6A8500090C9F /* .swiftlint.yml */,
				2287E3D42CBF6A8500090C9F /* Apple Documentation.entitlements */,
				2287E3D52CBF6A8500090C9F /* Apple_DocumentationApp.swift */,
				2229DBB02CFEEF35009EB389 /* SettingsView.swift */,
				2287E3D62CBF6A8500090C9F /* Assets.xcassets */,
				2287E3D72CBF6A8500090C9F /* Constants.swift */,
				2287E3D82CBF6A8500090C9F /* ContentView.swift */,
				2209FBBA2CC98C0900372F9E /* LegalNoticesView.swift */,
				222AB77A2CBF78B2001196C1 /* ChevronView.swift */,
				2287E3D92CBF6A8500090C9F /* DocumentationViewModel.swift */,
				2287E3DA2CBF6A8500090C9F /* MacOSAgnosticButton.swift */,
				2287E3DB2CBF6A8500090C9F /* NavigationLinkButton.swift */,
				2287E3DC2CBF6A8500090C9F /* NavigationViewModel.swift */,
			);
			path = "Apple Documentation";
			sourceTree = "<group>";
		};
		22C450AF2CB4D61B00376AA5 /* Frameworks */ = {
			isa = PBXGroup;
			children = (
			);
			name = Frameworks;
			sourceTree = "<group>";
		};
		22F8CD5D2CB23D6C0081BB0A = {
			isa = PBXGroup;
			children = (
				2287E3DD2CBF6A8500090C9F /* Apple Documentation */,
				22C450AF2CB4D61B00376AA5 /* Frameworks */,
				22F8CD672CB23D6C0081BB0A /* Products */,
			);
			sourceTree = "<group>";
		};
		22F8CD672CB23D6C0081BB0A /* Products */ = {
			isa = PBXGroup;
			children = (
				22F8CD662CB23D6C0081BB0A /* Developer Documentation.app */,
			);
			name = Products;
			sourceTree = "<group>";
		};
/* End PBXGroup section */

/* Begin PBXNativeTarget section */
		22F8CD652CB23D6C0081BB0A /* Developer Documentation */ = {
			isa = PBXNativeTarget;
			buildConfigurationList = 22F8CD742CB23D6E0081BB0A /* Build configuration list for PBXNativeTarget "Developer Documentation" */;
			buildPhases = (
				22F8CD622CB23D6C0081BB0A /* Sources */,
				22F8CD632CB23D6C0081BB0A /* Frameworks */,
				22F8CD642CB23D6C0081BB0A /* Resources */,
				22D92D892CB648A1003E3FD1 /* ShellScript */,
			);
			buildRules = (
			);
			dependencies = (
			);
			name = "Developer Documentation";
			packageProductDependencies = (
				2274642F2CB4D4E900BE0863 /* Kingfisher */,
				22C450B02CB4D61B00376AA5 /* SFSafeSymbols */,
				22E7F4E12CB5048400FD6B2C /* HighlightSwift */,
				22002BBE2D28F65400B0B7AD /* EnhancedCodable */,
			);
			productName = "Apple Documentation";
			productReference = 22F8CD662CB23D6C0081BB0A /* Developer Documentation.app */;
			productType = "com.apple.product-type.application";
		};
/* End PBXNativeTarget section */

/* Begin PBXProject section */
		22F8CD5E2CB23D6C0081BB0A /* Project object */ = {
			isa = PBXProject;
			attributes = {
				BuildIndependentTargetsInParallel = 1;
				LastSwiftUpdateCheck = 1600;
				LastUpgradeCheck = 1600;
				TargetAttributes = {
					22F8CD652CB23D6C0081BB0A = {
						CreatedOnToolsVersion = 16.0;
					};
				};
			};
			buildConfigurationList = 22F8CD612CB23D6C0081BB0A /* Build configuration list for PBXProject "Apple Documentation" */;
			compatibilityVersion = "Xcode 15.0";
			developmentRegion = en;
			hasScannedForEncodings = 0;
			knownRegions = (
				en,
				Base,
			);
			mainGroup = 22F8CD5D2CB23D6C0081BB0A;
			packageReferences = (
				2274642E2CB4D4E900BE0863 /* XCRemoteSwiftPackageReference "Kingfisher" */,
				22BE0E1F2CB4D5EB00075074 /* XCRemoteSwiftPackageReference "SFSafeSymbols" */,
				22E9F5052CB504660049B87C /* XCRemoteSwiftPackageReference "HighlightSwift" */,
				22002BBD2D28F65400B0B7AD /* XCRemoteSwiftPackageReference "EnhancedCodable" */,
				22E138C42D6539A4002D11CE /* XCRemoteSwiftPackageReference "STTextView" */,
			);
			productRefGroup = 22F8CD672CB23D6C0081BB0A /* Products */;
			projectDirPath = "";
			projectRoot = "";
			targets = (
				22F8CD652CB23D6C0081BB0A /* Developer Documentation */,
			);
		};
/* End PBXProject section */

/* Begin PBXResourcesBuildPhase section */
		22F8CD642CB23D6C0081BB0A /* Resources */ = {
			isa = PBXResourcesBuildPhase;
			buildActionMask = 2147483647;
			files = (
				2287E4002CBF6A8500090C9F /* Preview Assets.xcassets in Resources */,
				2287E4012CBF6A8500090C9F /* .swiftlint.yml in Resources */,
				2287E4022CBF6A8500090C9F /* Assets.xcassets in Resources */,
			);
			runOnlyForDeploymentPostprocessing = 0;
		};
/* End PBXResourcesBuildPhase section */

/* Begin PBXShellScriptBuildPhase section */
		22D92D892CB648A1003E3FD1 /* ShellScript */ = {
			isa = PBXShellScriptBuildPhase;
			alwaysOutOfDate = 1;
			buildActionMask = 2147483647;
			files = (
			);
			inputFileListPaths = (
			);
			inputPaths = (
			);
			outputFileListPaths = (
			);
			outputPaths = (
			);
			runOnlyForDeploymentPostprocessing = 0;
			shellPath = /bin/sh;
			shellScript = "# Swift Lint\nif command -v swiftlint >/dev/null 2>&1\nthen\n    swiftlint\nelse\n    echo \"warning: `swiftlint` command not found - See https://github.com/realm/SwiftLint#installation for installation instructions.\"\nfi\n";
		};
/* End PBXShellScriptBuildPhase section */

/* Begin PBXSourcesBuildPhase section */
		22F8CD622CB23D6C0081BB0A /* Sources */ = {
			isa = PBXSourcesBuildPhase;
			buildActionMask = 2147483647;
			files = (
				2287E3DE2CBF6A8500090C9F /* Article Parser.swift in Sources */,
				2287E3DF2CBF6A8500090C9F /* CommonTypes.swift in Sources */,
				2287E3E02CBF6A8500090C9F /* Framework Parser.swift in Sources */,
				2287E3E12CBF6A8500090C9F /* HomepageParser.swift in Sources */,
				2229BFF12CCA12E200E7AD3F /* CodeCopyOverlayButton.swift in Sources */,
				22A299F62CBF8C37008EE3E5 /* WebEndpointRestResponse.swift in Sources */,
				2287E3E22CBF6A8500090C9F /* TechnologiesParser.swift in Sources */,
				2287E3E32CBF6A8500090C9F /* AbstractView.swift in Sources */,
				2287E3E42CBF6A8500090C9F /* ArticleBadges.swift in Sources */,
				2287E3E52CBF6A8500090C9F /* ArticleContentView.swift in Sources */,
				22A299F22CBF8A35008EE3E5 /* WebEndpointRestEndPoint.swift in Sources */,
				2287E3E62CBF6A8500090C9F /* AsideView.swift in Sources */,
				2287E3E72CBF6A8500090C9F /* DeclarationContentView.swift in Sources */,
				2287E3E82CBF6A8500090C9F /* DetailsView.swift in Sources */,
				2287E3E92CBF6A8500090C9F /* DownloadButtonView.swift in Sources */,
				2287E3EA2CBF6A8500090C9F /* LinksGridListView.swift in Sources */,
				2287E3EB2CBF6A8500090C9F /* MentionsView.swift in Sources */,
				2287E3EC2CBF6A8500090C9F /* MultiLine Picker.swift in Sources */,
				2287E3ED2CBF6A8500090C9F /* PlatformCapsule.swift in Sources */,
				2209FBBB2CC98C0900372F9E /* LegalNoticesView.swift in Sources */,
				225AE0042D2862DF007B993D /* DocC Index Parser.swift in Sources */,
				222AB77B2CBF78B2001196C1 /* ChevronView.swift in Sources */,
				2287E3EE2CBF6A8500090C9F /* RelationshipsView.swift in Sources */,
				2287E3EF2CBF6A8500090C9F /* SeeAlsoView.swift in Sources */,
				22A299FA2CC01902008EE3E5 /* WebEndpointRestAttributesView.swift in Sources */,
				2287E3F02CBF6A8500090C9F /* TopicsView.swift in Sources */,
				2287E3F12CBF6A8500090C9F /* WrappingHStack.swift in Sources */,
				2287E3F22CBF6A8500090C9F /* HomepageHero.swift in Sources */,
				2287E3F32CBF6A8500090C9F /* HomepageResources.swift in Sources */,
				22A299F02CBF852A008EE3E5 /* WebEndpointRestBody.swift in Sources */,
				22A299F82CBF9A5F008EE3E5 /* WebEndpointRestPropertiesView.swift in Sources */,
				2287E3F42CBF6A8500090C9F /* HomepageSection.swift in Sources */,
				2287E3F52CBF6A8500090C9F /* ArticleView.swift in Sources */,
				2287E3F62CBF6A8500090C9F /* HomepageView.swift in Sources */,
				2287E3F72CBF6A8500090C9F /* LanguagePicker.swift in Sources */,
				2287E3F82CBF6A8500090C9F /* TechnologyRootView.swift in Sources */,
				2287E3F92CBF6A8500090C9F /* Apple_DocumentationApp.swift in Sources */,
				2287E3FA2CBF6A8500090C9F /* Constants.swift in Sources */,
				2287E3FB2CBF6A8500090C9F /* ContentView.swift in Sources */,
				2209FBB82CC9885300372F9E /* AppleDocumentation Protocol.swift in Sources */,
				2287E3FC2CBF6A8500090C9F /* DocumentationViewModel.swift in Sources */,
				2287E3FD2CBF6A8500090C9F /* MacOSAgnosticButton.swift in Sources */,
				2287E3FE2CBF6A8500090C9F /* NavigationLinkButton.swift in Sources */,
				2229DBB12CFEEF35009EB389 /* SettingsView.swift in Sources */,
				2287E3FF2CBF6A8500090C9F /* NavigationViewModel.swift in Sources */,
			);
			runOnlyForDeploymentPostprocessing = 0;
		};
/* End PBXSourcesBuildPhase section */

/* Begin XCBuildConfiguration section */
		22F8CD722CB23D6E0081BB0A /* Debug */ = {
			isa = XCBuildConfiguration;
			buildSettings = {
				ALWAYS_SEARCH_USER_PATHS = NO;
				ASSETCATALOG_COMPILER_GENERATE_SWIFT_ASSET_SYMBOL_EXTENSIONS = YES;
				CLANG_ANALYZER_NONNULL = YES;
				CLANG_ANALYZER_NUMBER_OBJECT_CONVERSION = YES_AGGRESSIVE;
				CLANG_CXX_LANGUAGE_STANDARD = "gnu++20";
				CLANG_ENABLE_MODULES = YES;
				CLANG_ENABLE_OBJC_ARC = YES;
				CLANG_ENABLE_OBJC_WEAK = YES;
				CLANG_WARN_BLOCK_CAPTURE_AUTORELEASING = YES;
				CLANG_WARN_BOOL_CONVERSION = YES;
				CLANG_WARN_COMMA = YES;
				CLANG_WARN_CONSTANT_CONVERSION = YES;
				CLANG_WARN_DEPRECATED_OBJC_IMPLEMENTATIONS = YES;
				CLANG_WARN_DIRECT_OBJC_ISA_USAGE = YES_ERROR;
				CLANG_WARN_DOCUMENTATION_COMMENTS = YES;
				CLANG_WARN_EMPTY_BODY = YES;
				CLANG_WARN_ENUM_CONVERSION = YES;
				CLANG_WARN_INFINITE_RECURSION = YES;
				CLANG_WARN_INT_CONVERSION = YES;
				CLANG_WARN_NON_LITERAL_NULL_CONVERSION = YES;
				CLANG_WARN_OBJC_IMPLICIT_RETAIN_SELF = YES;
				CLANG_WARN_OBJC_LITERAL_CONVERSION = YES;
				CLANG_WARN_OBJC_ROOT_CLASS = YES_ERROR;
				CLANG_WARN_QUOTED_INCLUDE_IN_FRAMEWORK_HEADER = YES;
				CLANG_WARN_RANGE_LOOP_ANALYSIS = YES;
				CLANG_WARN_STRICT_PROTOTYPES = YES;
				CLANG_WARN_SUSPICIOUS_MOVE = YES;
				CLANG_WARN_UNGUARDED_AVAILABILITY = YES_AGGRESSIVE;
				CLANG_WARN_UNREACHABLE_CODE = YES;
				CLANG_WARN__DUPLICATE_METHOD_MATCH = YES;
				COPY_PHASE_STRIP = NO;
				DEBUG_INFORMATION_FORMAT = dwarf;
				ENABLE_STRICT_OBJC_MSGSEND = YES;
				ENABLE_TESTABILITY = YES;
				ENABLE_USER_SCRIPT_SANDBOXING = YES;
				GCC_C_LANGUAGE_STANDARD = gnu17;
				GCC_DYNAMIC_NO_PIC = NO;
				GCC_NO_COMMON_BLOCKS = YES;
				GCC_OPTIMIZATION_LEVEL = 0;
				GCC_PREPROCESSOR_DEFINITIONS = (
					"DEBUG=1",
					"$(inherited)",
				);
				GCC_WARN_64_TO_32_BIT_CONVERSION = YES;
				GCC_WARN_ABOUT_RETURN_TYPE = YES_ERROR;
				GCC_WARN_UNDECLARED_SELECTOR = YES;
				GCC_WARN_UNINITIALIZED_AUTOS = YES_AGGRESSIVE;
				GCC_WARN_UNUSED_FUNCTION = YES;
				GCC_WARN_UNUSED_VARIABLE = YES;
				IPHONEOS_DEPLOYMENT_TARGET = 18.0;
				LOCALIZATION_PREFERS_STRING_CATALOGS = YES;
				MTL_ENABLE_DEBUG_INFO = INCLUDE_SOURCE;
				MTL_FAST_MATH = YES;
				ONLY_ACTIVE_ARCH = YES;
				SDKROOT = iphoneos;
				SWIFT_ACTIVE_COMPILATION_CONDITIONS = "DEBUG $(inherited)";
				SWIFT_OPTIMIZATION_LEVEL = "-Onone";
			};
			name = Debug;
		};
		22F8CD732CB23D6E0081BB0A /* Release */ = {
			isa = XCBuildConfiguration;
			buildSettings = {
				ALWAYS_SEARCH_USER_PATHS = NO;
				ASSETCATALOG_COMPILER_GENERATE_SWIFT_ASSET_SYMBOL_EXTENSIONS = YES;
				CLANG_ANALYZER_NONNULL = YES;
				CLANG_ANALYZER_NUMBER_OBJECT_CONVERSION = YES_AGGRESSIVE;
				CLANG_CXX_LANGUAGE_STANDARD = "gnu++20";
				CLANG_ENABLE_MODULES = YES;
				CLANG_ENABLE_OBJC_ARC = YES;
				CLANG_ENABLE_OBJC_WEAK = YES;
				CLANG_WARN_BLOCK_CAPTURE_AUTORELEASING = YES;
				CLANG_WARN_BOOL_CONVERSION = YES;
				CLANG_WARN_COMMA = YES;
				CLANG_WARN_CONSTANT_CONVERSION = YES;
				CLANG_WARN_DEPRECATED_OBJC_IMPLEMENTATIONS = YES;
				CLANG_WARN_DIRECT_OBJC_ISA_USAGE = YES_ERROR;
				CLANG_WARN_DOCUMENTATION_COMMENTS = YES;
				CLANG_WARN_EMPTY_BODY = YES;
				CLANG_WARN_ENUM_CONVERSION = YES;
				CLANG_WARN_INFINITE_RECURSION = YES;
				CLANG_WARN_INT_CONVERSION = YES;
				CLANG_WARN_NON_LITERAL_NULL_CONVERSION = YES;
				CLANG_WARN_OBJC_IMPLICIT_RETAIN_SELF = YES;
				CLANG_WARN_OBJC_LITERAL_CONVERSION = YES;
				CLANG_WARN_OBJC_ROOT_CLASS = YES_ERROR;
				CLANG_WARN_QUOTED_INCLUDE_IN_FRAMEWORK_HEADER = YES;
				CLANG_WARN_RANGE_LOOP_ANALYSIS = YES;
				CLANG_WARN_STRICT_PROTOTYPES = YES;
				CLANG_WARN_SUSPICIOUS_MOVE = YES;
				CLANG_WARN_UNGUARDED_AVAILABILITY = YES_AGGRESSIVE;
				CLANG_WARN_UNREACHABLE_CODE = YES;
				CLANG_WARN__DUPLICATE_METHOD_MATCH = YES;
				COPY_PHASE_STRIP = NO;
				DEBUG_INFORMATION_FORMAT = "dwarf-with-dsym";
				ENABLE_NS_ASSERTIONS = NO;
				ENABLE_STRICT_OBJC_MSGSEND = YES;
				ENABLE_USER_SCRIPT_SANDBOXING = YES;
				GCC_C_LANGUAGE_STANDARD = gnu17;
				GCC_NO_COMMON_BLOCKS = YES;
				GCC_WARN_64_TO_32_BIT_CONVERSION = YES;
				GCC_WARN_ABOUT_RETURN_TYPE = YES_ERROR;
				GCC_WARN_UNDECLARED_SELECTOR = YES;
				GCC_WARN_UNINITIALIZED_AUTOS = YES_AGGRESSIVE;
				GCC_WARN_UNUSED_FUNCTION = YES;
				GCC_WARN_UNUSED_VARIABLE = YES;
				IPHONEOS_DEPLOYMENT_TARGET = 18.0;
				LOCALIZATION_PREFERS_STRING_CATALOGS = YES;
				MTL_ENABLE_DEBUG_INFO = NO;
				MTL_FAST_MATH = YES;
				SDKROOT = iphoneos;
				SWIFT_COMPILATION_MODE = wholemodule;
				VALIDATE_PRODUCT = YES;
			};
			name = Release;
		};
		22F8CD752CB23D6E0081BB0A /* Debug */ = {
			isa = XCBuildConfiguration;
			buildSettings = {
				ASSETCATALOG_COMPILER_APPICON_NAME = AppIcon;
				ASSETCATALOG_COMPILER_GLOBAL_ACCENT_COLOR_NAME = AccentColor;
				CODE_SIGN_ENTITLEMENTS = "Apple Documentation/Apple Documentation.entitlements";
				CODE_SIGN_STYLE = Automatic;
				CURRENT_PROJECT_VERSION = 8;
				DEVELOPMENT_ASSET_PATHS = "\"Apple Documentation/Preview Content\"";
				DEVELOPMENT_TEAM = L7JQRVXU2V;
				ENABLE_PREVIEWS = YES;
				ENABLE_USER_SCRIPT_SANDBOXING = NO;
				GENERATE_INFOPLIST_FILE = YES;
				INFOPLIST_FILE = "Apple-Documentation-Info.plist";
				INFOPLIST_KEY_CFBundleDisplayName = Documentation;
				INFOPLIST_KEY_LSApplicationCategoryType = "public.app-category.developer-tools";
				INFOPLIST_KEY_UIApplicationSceneManifest_Generation = YES;
				INFOPLIST_KEY_UIApplicationSupportsIndirectInputEvents = YES;
				INFOPLIST_KEY_UILaunchScreen_Generation = YES;
				INFOPLIST_KEY_UISupportedInterfaceOrientations_iPad = "UIInterfaceOrientationPortrait UIInterfaceOrientationPortraitUpsideDown UIInterfaceOrientationLandscapeLeft UIInterfaceOrientationLandscapeRight";
				INFOPLIST_KEY_UISupportedInterfaceOrientations_iPhone = "UIInterfaceOrientationPortrait UIInterfaceOrientationLandscapeLeft UIInterfaceOrientationLandscapeRight";
				LD_RUNPATH_SEARCH_PATHS = (
					"$(inherited)",
					"@executable_path/Frameworks",
				);
				MARKETING_VERSION = 1.0;
				PRODUCT_BUNDLE_IDENTIFIER = "com.Mcrich.Apple-Documentation";
				PRODUCT_NAME = "$(TARGET_NAME)";
				REGISTER_APP_GROUPS = NO;
				SUPPORTED_PLATFORMS = "iphoneos iphonesimulator macosx xros xrsimulator";
				SUPPORTS_MACCATALYST = NO;
				SUPPORTS_MAC_DESIGNED_FOR_IPHONE_IPAD = NO;
				SUPPORTS_XR_DESIGNED_FOR_IPHONE_IPAD = NO;
				SWIFT_EMIT_LOC_STRINGS = YES;
				SWIFT_VERSION = 5.0;
				TARGETED_DEVICE_FAMILY = "1,2,6,7";
			};
			name = Debug;
		};
		22F8CD762CB23D6E0081BB0A /* Release */ = {
			isa = XCBuildConfiguration;
			buildSettings = {
				ASSETCATALOG_COMPILER_APPICON_NAME = AppIcon;
				ASSETCATALOG_COMPILER_GLOBAL_ACCENT_COLOR_NAME = AccentColor;
				CODE_SIGN_ENTITLEMENTS = "Apple Documentation/Apple Documentation.entitlements";
				CODE_SIGN_STYLE = Automatic;
				CURRENT_PROJECT_VERSION = 8;
				DEVELOPMENT_ASSET_PATHS = "\"Apple Documentation/Preview Content\"";
				DEVELOPMENT_TEAM = L7JQRVXU2V;
				ENABLE_PREVIEWS = YES;
				ENABLE_USER_SCRIPT_SANDBOXING = NO;
				GENERATE_INFOPLIST_FILE = YES;
				INFOPLIST_FILE = "Apple-Documentation-Info.plist";
				INFOPLIST_KEY_CFBundleDisplayName = Documentation;
				INFOPLIST_KEY_LSApplicationCategoryType = "public.app-category.developer-tools";
				INFOPLIST_KEY_UIApplicationSceneManifest_Generation = YES;
				INFOPLIST_KEY_UIApplicationSupportsIndirectInputEvents = YES;
				INFOPLIST_KEY_UILaunchScreen_Generation = YES;
				INFOPLIST_KEY_UISupportedInterfaceOrientations_iPad = "UIInterfaceOrientationPortrait UIInterfaceOrientationPortraitUpsideDown UIInterfaceOrientationLandscapeLeft UIInterfaceOrientationLandscapeRight";
				INFOPLIST_KEY_UISupportedInterfaceOrientations_iPhone = "UIInterfaceOrientationPortrait UIInterfaceOrientationLandscapeLeft UIInterfaceOrientationLandscapeRight";
				LD_RUNPATH_SEARCH_PATHS = (
					"$(inherited)",
					"@executable_path/Frameworks",
				);
				MARKETING_VERSION = 1.0;
				PRODUCT_BUNDLE_IDENTIFIER = "com.Mcrich.Apple-Documentation";
				PRODUCT_NAME = "$(TARGET_NAME)";
				REGISTER_APP_GROUPS = NO;
				SUPPORTED_PLATFORMS = "iphoneos iphonesimulator macosx xros xrsimulator";
				SUPPORTS_MACCATALYST = NO;
				SUPPORTS_MAC_DESIGNED_FOR_IPHONE_IPAD = NO;
				SUPPORTS_XR_DESIGNED_FOR_IPHONE_IPAD = NO;
				SWIFT_EMIT_LOC_STRINGS = YES;
				SWIFT_VERSION = 5.0;
				TARGETED_DEVICE_FAMILY = "1,2,6,7";
			};
			name = Release;
		};
/* End XCBuildConfiguration section */

/* Begin XCConfigurationList section */
		22F8CD612CB23D6C0081BB0A /* Build configuration list for PBXProject "Apple Documentation" */ = {
			isa = XCConfigurationList;
			buildConfigurations = (
				22F8CD722CB23D6E0081BB0A /* Debug */,
				22F8CD732CB23D6E0081BB0A /* Release */,
			);
			defaultConfigurationIsVisible = 0;
			defaultConfigurationName = Release;
		};
		22F8CD742CB23D6E0081BB0A /* Build configuration list for PBXNativeTarget "Developer Documentation" */ = {
			isa = XCConfigurationList;
			buildConfigurations = (
				22F8CD752CB23D6E0081BB0A /* Debug */,
				22F8CD762CB23D6E0081BB0A /* Release */,
			);
			defaultConfigurationIsVisible = 0;
			defaultConfigurationName = Release;
		};
/* End XCConfigurationList section */

/* Begin XCRemoteSwiftPackageReference section */
		22002BBD2D28F65400B0B7AD /* XCRemoteSwiftPackageReference "EnhancedCodable" */ = {
			isa = XCRemoteSwiftPackageReference;
			repositoryURL = "https://github.com/Mcrich23/EnhancedCodable";
			requirement = {
				branch = main;
				kind = branch;
			};
		};
		2274642E2CB4D4E900BE0863 /* XCRemoteSwiftPackageReference "Kingfisher" */ = {
			isa = XCRemoteSwiftPackageReference;
			repositoryURL = "https://github.com/onevcat/Kingfisher.git";
			requirement = {
				kind = upToNextMajorVersion;
				minimumVersion = 8.0.3;
			};
		};
		22BE0E1F2CB4D5EB00075074 /* XCRemoteSwiftPackageReference "SFSafeSymbols" */ = {
			isa = XCRemoteSwiftPackageReference;
			repositoryURL = "https://github.com/SFSafeSymbols/SFSafeSymbols";
			requirement = {
				kind = upToNextMajorVersion;
				minimumVersion = 5.3.0;
			};
		};
		22E138C42D6539A4002D11CE /* XCRemoteSwiftPackageReference "STTextView" */ = {
			isa = XCRemoteSwiftPackageReference;
			repositoryURL = "https://github.com/krzyzanowskim/STTextView.git";
			requirement = {
				kind = upToNextMajorVersion;
				minimumVersion = 2.0.0;
			};
		};
		22E9F5052CB504660049B87C /* XCRemoteSwiftPackageReference "HighlightSwift" */ = {
			isa = XCRemoteSwiftPackageReference;
			repositoryURL = "https://github.com/appstefan/HighlightSwift";
			requirement = {
				kind = upToNextMajorVersion;
				minimumVersion = 1.0.9;
			};
		};
/* End XCRemoteSwiftPackageReference section */

/* Begin XCSwiftPackageProductDependency section */
		22002BBE2D28F65400B0B7AD /* EnhancedCodable */ = {
			isa = XCSwiftPackageProductDependency;
			package = 22002BBD2D28F65400B0B7AD /* XCRemoteSwiftPackageReference "EnhancedCodable" */;
			productName = EnhancedCodable;
		};
		2274642F2CB4D4E900BE0863 /* Kingfisher */ = {
			isa = XCSwiftPackageProductDependency;
			package = 2274642E2CB4D4E900BE0863 /* XCRemoteSwiftPackageReference "Kingfisher" */;
			productName = Kingfisher;
		};
		22C450B02CB4D61B00376AA5 /* SFSafeSymbols */ = {
			isa = XCSwiftPackageProductDependency;
			package = 22BE0E1F2CB4D5EB00075074 /* XCRemoteSwiftPackageReference "SFSafeSymbols" */;
			productName = SFSafeSymbols;
		};
		22E7F4E12CB5048400FD6B2C /* HighlightSwift */ = {
			isa = XCSwiftPackageProductDependency;
			package = 22E9F5052CB504660049B87C /* XCRemoteSwiftPackageReference "HighlightSwift" */;
			productName = HighlightSwift;
		};
/* End XCSwiftPackageProductDependency section */
	};
	rootObject = 22F8CD5E2CB23D6C0081BB0A /* Project object */;
}
